
Microsoft Visual Studio Solution File, Format Version 12.00
# Visual Studio Version 17
VisualStudioVersion = 17.10.35013.160
MinimumVisualStudioVersion = 10.0.40219.1
Project("{FAE04EC0-301F-11D3-BF4B-00C04F79EFBC}") = "WebUI", "WebUI\WebUI.csproj", "{1DE393AE-3C19-4383-AA99-15BA08906364}"
EndProject
Project("{9A19103F-16F7-4668-BE54-9A1E7A4F7556}") = "MovieTicket.Application", "MovieTicket.Application\MovieTicket.Application.csproj", "{0D400CF5-E76A-43EF-AD49-3C47A2C9BF68}"
EndProject
Project("{9A19103F-16F7-4668-BE54-9A1E7A4F7556}") = "MovieTicket.Domain", "MovieTicket.Domain\MovieTicket.Domain.csproj", "{8C956E97-74AA-4B16-87DC-AEE1D498C6EA}"
EndProject
Project("{9A19103F-16F7-4668-BE54-9A1E7A4F7556}") = "MovieTicket.Infrastructure", "MovieTicket.Infrastructure\MovieTicket.Infrastructure.csproj", "{3F1F3167-32AE-45E2-B3DE-6778864C1F6A}"
EndProject
Project("{9A19103F-16F7-4668-BE54-9A1E7A4F7556}") = "MovieTicket.API", "MovieTicket.API\MovieTicket.API.csproj", "{29BCBC47-BA61-4FAF-8F22-7979757844C5}"
EndProject
Project("{9A19103F-16F7-4668-BE54-9A1E7A4F7556}") = "MovieTicket.BlazorServer", "MovieTicket.BlazorServer\MovieTicket.BlazorServer.csproj", "{A5DE0710-6E1B-4BD9-BB0F-33B3C76E7BA9}"
EndProject
Project("{FAE04EC0-301F-11D3-BF4B-00C04F79EFBC}") = "MovieTicket.Infrastructure", "MovieTicket.Infrastructure\MovieTicket.Infrastructure.csproj", "{EA42155B-0510-4444-8554-88F7F6DA3603}"
EndProject
Global
	GlobalSection(SolutionConfigurationPlatforms) = preSolution
		Debug|Any CPU = Debug|Any CPU
		Release|Any CPU = Release|Any CPU
	EndGlobalSection
	GlobalSection(ProjectConfigurationPlatforms) = postSolution
		{1DE393AE-3C19-4383-AA99-15BA08906364}.Debug|Any CPU.ActiveCfg = Debug|Any CPU
		{1DE393AE-3C19-4383-AA99-15BA08906364}.Debug|Any CPU.Build.0 = Debug|Any CPU
		{1DE393AE-3C19-4383-AA99-15BA08906364}.Release|Any CPU.ActiveCfg = Release|Any CPU
		{1DE393AE-3C19-4383-AA99-15BA08906364}.Release|Any CPU.Build.0 = Release|Any CPU
		{7560DC40-7B11-461F-BC86-03D7E212C00D}.Debug|Any CPU.ActiveCfg = Debug|Any CPU
		{7560DC40-7B11-461F-BC86-03D7E212C00D}.Debug|Any CPU.Build.0 = Debug|Any CPU
		{7560DC40-7B11-461F-BC86-03D7E212C00D}.Release|Any CPU.ActiveCfg = Release|Any CPU
		{7560DC40-7B11-461F-BC86-03D7E212C00D}.Release|Any CPU.Build.0 = Release|Any CPU
		{EFCF6883-580A-482D-856E-8A330CB89BC1}.Debug|Any CPU.ActiveCfg = Debug|Any CPU
		{EFCF6883-580A-482D-856E-8A330CB89BC1}.Debug|Any CPU.Build.0 = Debug|Any CPU
		{EFCF6883-580A-482D-856E-8A330CB89BC1}.Release|Any CPU.ActiveCfg = Release|Any CPU
		{EFCF6883-580A-482D-856E-8A330CB89BC1}.Release|Any CPU.Build.0 = Release|Any CPU
		{CCDE34D4-3625-442F-9D0E-6F8243EDA799}.Debug|Any CPU.ActiveCfg = Debug|Any CPU
		{CCDE34D4-3625-442F-9D0E-6F8243EDA799}.Debug|Any CPU.Build.0 = Debug|Any CPU
		{CCDE34D4-3625-442F-9D0E-6F8243EDA799}.Release|Any CPU.ActiveCfg = Release|Any CPU
		{CCDE34D4-3625-442F-9D0E-6F8243EDA799}.Release|Any CPU.Build.0 = Release|Any CPU
		{75481545-7BF4-4079-B9BF-6232AC3E3114}.Debug|Any CPU.ActiveCfg = Debug|Any CPU
		{75481545-7BF4-4079-B9BF-6232AC3E3114}.Debug|Any CPU.Build.0 = Debug|Any CPU
		{75481545-7BF4-4079-B9BF-6232AC3E3114}.Release|Any CPU.ActiveCfg = Release|Any CPU
		{75481545-7BF4-4079-B9BF-6232AC3E3114}.Release|Any CPU.Build.0 = Release|Any CPU
		{EA42155B-0510-4444-8554-88F7F6DA3603}.Debug|Any CPU.ActiveCfg = Debug|Any CPU
		{EA42155B-0510-4444-8554-88F7F6DA3603}.Debug|Any CPU.Build.0 = Debug|Any CPU
		{EA42155B-0510-4444-8554-88F7F6DA3603}.Release|Any CPU.ActiveCfg = Release|Any CPU
		{EA42155B-0510-4444-8554-88F7F6DA3603}.Release|Any CPU.Build.0 = Release|Any CPU
	EndGlobalSection
	GlobalSection(SolutionProperties) = preSolution
		HideSolutionNode = FALSE
	EndGlobalSection
	GlobalSection(NestedProjects) = preSolution
		{EFCF6883-580A-482D-856E-8A330CB89BC1} = {84AFADD6-45A7-4A0E-B586-C48F0FB0C7F1}
		{CCDE34D4-3625-442F-9D0E-6F8243EDA799} = {84AFADD6-45A7-4A0E-B586-C48F0FB0C7F1}
		{75481545-7BF4-4079-B9BF-6232AC3E3114} = {84AFADD6-45A7-4A0E-B586-C48F0FB0C7F1}
		{EA42155B-0510-4444-8554-88F7F6DA3603} = {84AFADD6-45A7-4A0E-B586-C48F0FB0C7F1}
	EndGlobalSection
	GlobalSection(ExtensibilityGlobals) = postSolution
		SolutionGuid = {C4322D78-A3A0-4125-B7CF-22D29168123F}
	EndGlobalSection
EndGlobal
